
Microsoft Visual Studio Solution File, Format Version 12.00
# Visual Studio Version 18
VisualStudioVersion = 18.1.11312.151
MinimumVisualStudioVersion = 10.0.40219.1
Project("{2150E333-8FDC-42A3-9474-1A3956D46DE8}") = "src", "src", "{827E0CD3-B72D-47B6-A68D-7590B98EB39B}"
EndProject
Project("{2150E333-8FDC-42A3-9474-1A3956D46DE8}") = "tests", "tests", "{0AB3BF05-4346-4AA6-1389-037BE0695223}"
EndProject
Project("{2150E333-8FDC-42A3-9474-1A3956D46DE8}") = "bench", "bench", "{760AB15A-8938-8D9B-BEDE-5CE1484B84C3}"
EndProject
Project("{FAE04EC0-301F-11D3-BF4B-00C04F79EFBC}") = "Lzma.Core.Tests", "tests\Lzma.Core.Tests\Lzma.Core.Tests.csproj", "{98DCD8E5-E5F6-4616-BB87-3C5CC5ECC7AA}"
EndProject
Project("{FAE04EC0-301F-11D3-BF4B-00C04F79EFBC}") = "Lzma.Core", "src\Lzma.Core\Lzma.Core.csproj", "{E61035D5-0A16-4531-93B1-100EDCCFF92E}"
EndProject
Global
	GlobalSection(SolutionConfigurationPlatforms) = preSolution
		Debug|Any CPU = Debug|Any CPU
		Release|Any CPU = Release|Any CPU
	EndGlobalSection
	GlobalSection(ProjectConfigurationPlatforms) = postSolution
		{98DCD8E5-E5F6-4616-BB87-3C5CC5ECC7AA}.Debug|Any CPU.ActiveCfg = Debug|Any CPU
		{98DCD8E5-E5F6-4616-BB87-3C5CC5ECC7AA}.Debug|Any CPU.Build.0 = Debug|Any CPU
		{98DCD8E5-E5F6-4616-BB87-3C5CC5ECC7AA}.Release|Any CPU.ActiveCfg = Release|Any CPU
		{98DCD8E5-E5F6-4616-BB87-3C5CC5ECC7AA}.Release|Any CPU.Build.0 = Release|Any CPU
		{E61035D5-0A16-4531-93B1-100EDCCFF92E}.Debug|Any CPU.ActiveCfg = Debug|Any CPU
		{E61035D5-0A16-4531-93B1-100EDCCFF92E}.Debug|Any CPU.Build.0 = Debug|Any CPU
		{E61035D5-0A16-4531-93B1-100EDCCFF92E}.Release|Any CPU.ActiveCfg = Release|Any CPU
		{E61035D5-0A16-4531-93B1-100EDCCFF92E}.Release|Any CPU.Build.0 = Release|Any CPU
	EndGlobalSection
	GlobalSection(SolutionProperties) = preSolution
		HideSolutionNode = FALSE
	EndGlobalSection
	GlobalSection(NestedProjects) = preSolution
		{98DCD8E5-E5F6-4616-BB87-3C5CC5ECC7AA} = {0AB3BF05-4346-4AA6-1389-037BE0695223}
		{E61035D5-0A16-4531-93B1-100EDCCFF92E} = {827E0CD3-B72D-47B6-A68D-7590B98EB39B}
	EndGlobalSection
	GlobalSection(ExtensibilityGlobals) = postSolution
		SolutionGuid = {788D9AB6-86C2-4BED-8335-BD00F0E9A5D9}
	EndGlobalSection
EndGlobal
